
Microsoft Visual Studio Solution File, Format Version 12.00
# Visual Studio Version 17
VisualStudioVersion = 17.11.35219.272
MinimumVisualStudioVersion = 10.0.40219.1
Project("{FAE04EC0-301F-11D3-BF4B-00C04F79EFBC}") = "Builder", "Builder\Builder.csproj", "{0D538126-AC97-4B37-B9AF-956A734CEE4A}"
EndProject
Global
	GlobalSection(SolutionConfigurationPlatforms) = preSolution
		Debug|Any CPU = Debug|Any CPU
		Release|Any CPU = Release|Any CPU
	EndGlobalSection
	GlobalSection(ProjectConfigurationPlatforms) = postSolution
		{0D538126-AC97-4B37-B9AF-956A734CEE4A}.Debug|Any CPU.ActiveCfg = Debug|Any CPU
		{0D538126-AC97-4B37-B9AF-956A734CEE4A}.Debug|Any CPU.Build.0 = Debug|Any CPU
		{0D538126-AC97-4B37-B9AF-956A734CEE4A}.Release|Any CPU.ActiveCfg = Release|Any CPU
		{0D538126-AC97-4B37-B9AF-956A734CEE4A}.Release|Any CPU.Build.0 = Release|Any CPU
	EndGlobalSection
	GlobalSection(SolutionProperties) = preSolution
		HideSolutionNode = FALSE
	EndGlobalSection
	GlobalSection(ExtensibilityGlobals) = postSolution
		SolutionGuid = {0EB85D65-26D0-4C5A-9102-480001054700}
	EndGlobalSection
EndGlobal
